{
    "version": 3,
    "terraform_version": "0.11.7",
    "serial": 4,
    "lineage": "c5ae5f9c-21ed-dc87-dc52-c10894659176",
    "modules": [
        {
            "path": [
                "root"
            ],
            "outputs": {
                "aws_elb_public_dns": {
                    "sensitive": false,
                    "type": "string",
                    "value": "nginx-elb-1726590511.us-east-1.elb.amazonaws.com"
                }
            },
            "resources": {
                "aws_elb.web": {
                    "type": "aws_elb",
                    "depends_on": [
                        "aws_instance.nginx1",
                        "aws_instance.nginx2",
                        "aws_security_group.elb-sg",
                        "aws_subnet.blue",
                        "aws_subnet.green"
                    ],
                    "primary": {
                        "id": "nginx-elb",
                        "attributes": {
                            "access_logs.#": "0",
                            "arn": "arn:aws:elasticloadbalancing:us-east-1:151010529061:loadbalancer/nginx-elb",
                            "availability_zones.#": "2",
                            "availability_zones.1305112097": "us-east-1b",
                            "availability_zones.3569565595": "us-east-1a",
                            "connection_draining": "false",
                            "connection_draining_timeout": "300",
                            "cross_zone_load_balancing": "true",
                            "dns_name": "nginx-elb-1726590511.us-east-1.elb.amazonaws.com",
                            "health_check.#": "1",
                            "health_check.0.healthy_threshold": "10",
                            "health_check.0.interval": "30",
                            "health_check.0.target": "TCP:80",
                            "health_check.0.timeout": "5",
                            "health_check.0.unhealthy_threshold": "2",
                            "id": "nginx-elb",
                            "idle_timeout": "60",
                            "instances.#": "2",
                            "instances.1928870717": "i-032cf8f5132e00156",
                            "instances.2641825505": "i-0345e4bd0ece8cbe3",
                            "internal": "false",
                            "listener.#": "1",
                            "listener.3057123346.instance_port": "80",
                            "listener.3057123346.instance_protocol": "http",
                            "listener.3057123346.lb_port": "80",
                            "listener.3057123346.lb_protocol": "http",
                            "listener.3057123346.ssl_certificate_id": "",
                            "name": "nginx-elb",
                            "security_groups.#": "1",
                            "security_groups.775864458": "sg-0f8c678a6c3f5ea56",
                            "source_security_group": "151010529061/nginx_elb_sg",
                            "source_security_group_id": "sg-0f8c678a6c3f5ea56",
                            "subnets.#": "2",
                            "subnets.2738809688": "subnet-0d066df6c1c4c5f8c",
                            "subnets.2953832989": "subnet-082ab5e8daf4516f7",
                            "tags.%": "0",
                            "zone_id": "Z35SXDOTRQ7X7K"
                        },
                        "meta": {},
                        "tainted": false
                    },
                    "deposed": [],
                    "provider": "provider.aws"
                },
                "aws_instance.nginx1": {
                    "type": "aws_instance",
                    "depends_on": [
                        "aws_key_pair.novy1",
                        "aws_security_group.nginx",
                        "aws_subnet.blue"
                    ],
                    "primary": {
                        "id": "i-0345e4bd0ece8cbe3",
                        "attributes": {
                            "ami": "ami-c58c1dd3",
                            "associate_public_ip_address": "true",
                            "availability_zone": "us-east-1a",
                            "credit_specification.#": "1",
                            "credit_specification.0.cpu_credits": "standard",
                            "disable_api_termination": "false",
                            "ebs_block_device.#": "0",
                            "ebs_optimized": "false",
                            "ephemeral_block_device.#": "0",
                            "get_password_data": "false",
                            "iam_instance_profile": "",
                            "id": "i-0345e4bd0ece8cbe3",
                            "instance_state": "running",
                            "instance_type": "t2.micro",
                            "ipv6_addresses.#": "0",
                            "key_name": "novy1",
                            "monitoring": "false",
                            "network_interface.#": "0",
                            "network_interface_id": "eni-0c0900942e78e2395",
                            "password_data": "",
                            "placement_group": "",
                            "primary_network_interface_id": "eni-0c0900942e78e2395",
                            "private_dns": "ip-10-1-0-19.ec2.internal",
                            "private_ip": "10.1.0.19",
                            "public_dns": "ec2-18-206-169-143.compute-1.amazonaws.com",
                            "public_ip": "18.206.169.143",
                            "root_block_device.#": "1",
                            "root_block_device.0.delete_on_termination": "true",
                            "root_block_device.0.iops": "100",
                            "root_block_device.0.volume_id": "vol-0b073165423ae7c00",
                            "root_block_device.0.volume_size": "8",
                            "root_block_device.0.volume_type": "gp2",
                            "security_groups.#": "0",
                            "source_dest_check": "true",
                            "subnet_id": "subnet-082ab5e8daf4516f7",
                            "tags.%": "0",
                            "tenancy": "default",
                            "volume_tags.%": "0",
                            "vpc_security_group_ids.#": "1",
                            "vpc_security_group_ids.4182827373": "sg-03fa55c363b37fc7d"
                        },
                        "meta": {
                            "e2bfb730-ecaa-11e6-8f88-34363bc7c4c0": {
                                "create": 600000000000,
                                "delete": 1200000000000,
                                "update": 600000000000
                            },
                            "schema_version": "1"
                        },
                        "tainted": false
                    },
                    "deposed": [],
                    "provider": "provider.aws"
                },
                "aws_instance.nginx2": {
                    "type": "aws_instance",
                    "depends_on": [
                        "aws_key_pair.novy1",
                        "aws_security_group.nginx",
                        "aws_subnet.green"
                    ],
                    "primary": {
                        "id": "i-032cf8f5132e00156",
                        "attributes": {
                            "ami": "ami-c58c1dd3",
                            "associate_public_ip_address": "true",
                            "availability_zone": "us-east-1b",
                            "credit_specification.#": "1",
                            "credit_specification.0.cpu_credits": "standard",
                            "disable_api_termination": "false",
                            "ebs_block_device.#": "0",
                            "ebs_optimized": "false",
                            "ephemeral_block_device.#": "0",
                            "get_password_data": "false",
                            "iam_instance_profile": "",
                            "id": "i-032cf8f5132e00156",
                            "instance_state": "running",
                            "instance_type": "t2.micro",
                            "ipv6_addresses.#": "0",
                            "key_name": "novy1",
                            "monitoring": "false",
                            "network_interface.#": "0",
                            "network_interface_id": "eni-03c7aa78bc3beb5d3",
                            "password_data": "",
                            "placement_group": "",
                            "primary_network_interface_id": "eni-03c7aa78bc3beb5d3",
                            "private_dns": "ip-10-1-1-190.ec2.internal",
                            "private_ip": "10.1.1.190",
                            "public_dns": "ec2-52-91-207-120.compute-1.amazonaws.com",
                            "public_ip": "52.91.207.120",
                            "root_block_device.#": "1",
                            "root_block_device.0.delete_on_termination": "true",
                            "root_block_device.0.iops": "100",
                            "root_block_device.0.volume_id": "vol-0a4b3327b476bbda3",
                            "root_block_device.0.volume_size": "8",
                            "root_block_device.0.volume_type": "gp2",
                            "security_groups.#": "0",
                            "source_dest_check": "true",
                            "subnet_id": "subnet-0d066df6c1c4c5f8c",
                            "tags.%": "0",
                            "tenancy": "default",
                            "volume_tags.%": "0",
                            "vpc_security_group_ids.#": "1",
                            "vpc_security_group_ids.4182827373": "sg-03fa55c363b37fc7d"
                        },
                        "meta": {
                            "e2bfb730-ecaa-11e6-8f88-34363bc7c4c0": {
                                "create": 600000000000,
                                "delete": 1200000000000,
                                "update": 600000000000
                            },
                            "schema_version": "1"
                        },
                        "tainted": false
                    },
                    "deposed": [],
                    "provider": "provider.aws"
                },
                "aws_internet_gateway.inet": {
                    "type": "aws_internet_gateway",
                    "depends_on": [
                        "aws_vpc.vpc"
                    ],
                    "primary": {
                        "id": "igw-02bd3410ce94df358",
                        "attributes": {
                            "id": "igw-02bd3410ce94df358",
                            "vpc_id": "vpc-057b568b08195928f"
                        },
                        "meta": {},
                        "tainted": false
                    },
                    "deposed": [],
                    "provider": "provider.aws"
                },
                "aws_key_pair.novy1": {
                    "type": "aws_key_pair",
                    "depends_on": [],
                    "primary": {
                        "id": "novy1",
                        "attributes": {
                            "id": "novy1",
                            "key_name": "novy1",
                            "public_key": "ssh-rsa AAAAB3NzaC1yc2EAAAADAQABAAABAQDDz5cB1KkHQ8JxEL6sKBh7ogTWBzTd04aeB6TKvVqQV1q3aqo/j3nIGySv4s5XSJHCXCn0gJJLe77i0jjVz2AWX4lomdRG2gfgd1xK4HgVRiKcNydZoe3fS67qjGQgHbOYpgV0PCjOQ1bZdFk+uUiYDCZtPOwZRKf3XsV+OWyRqBXRx9jjU2POyHVVgSYc8nI7JxjC3qWn1WKkN5z6vR9XV5mCf8Hu6wMWbQvUAn+/pfP+YkNutmFcKcdqPqJHDO4vEgsMuFSXuWDlgd80ovSPI7xp3f9888H7ErTNzKojubLJjuVb36t3vceMHif/0+rligBz3j8ALuXL3/FWhs2N novy@EN410428"
                        },
                        "meta": {
                            "schema_version": "1"
                        },
                        "tainted": false
                    },
                    "deposed": [],
                    "provider": "provider.aws"
                },
                "aws_route_table.rtb": {
                    "type": "aws_route_table",
                    "depends_on": [
                        "aws_internet_gateway.inet",
                        "aws_vpc.vpc"
                    ],
                    "primary": {
                        "id": "rtb-09270710d99ab20ad",
                        "attributes": {
                            "id": "rtb-09270710d99ab20ad",
                            "propagating_vgws.#": "0",
                            "route.#": "1",
                            "route.1070349964.cidr_block": "0.0.0.0/0",
                            "route.1070349964.egress_only_gateway_id": "",
                            "route.1070349964.gateway_id": "igw-02bd3410ce94df358",
                            "route.1070349964.instance_id": "",
                            "route.1070349964.ipv6_cidr_block": "",
                            "route.1070349964.nat_gateway_id": "",
                            "route.1070349964.network_interface_id": "",
                            "route.1070349964.vpc_peering_connection_id": "",
                            "tags.%": "0",
                            "vpc_id": "vpc-057b568b08195928f"
                        },
                        "meta": {},
                        "tainted": false
                    },
                    "deposed": [],
                    "provider": "provider.aws"
                },
                "aws_route_table_association.rta_subnet1": {
                    "type": "aws_route_table_association",
                    "depends_on": [
                        "aws_route_table.rtb",
                        "aws_subnet.blue"
                    ],
                    "primary": {
                        "id": "rtbassoc-0fe23af8cc39abbe0",
                        "attributes": {
                            "id": "rtbassoc-0fe23af8cc39abbe0",
                            "route_table_id": "rtb-09270710d99ab20ad",
                            "subnet_id": "subnet-082ab5e8daf4516f7"
                        },
                        "meta": {},
                        "tainted": false
                    },
                    "deposed": [],
                    "provider": "provider.aws"
                },
                "aws_route_table_association.rta_subnet2": {
                    "type": "aws_route_table_association",
                    "depends_on": [
                        "aws_route_table.rtb",
                        "aws_subnet.green"
                    ],
                    "primary": {
                        "id": "rtbassoc-06e5c283ae24da9f2",
                        "attributes": {
                            "id": "rtbassoc-06e5c283ae24da9f2",
                            "route_table_id": "rtb-09270710d99ab20ad",
                            "subnet_id": "subnet-0d066df6c1c4c5f8c"
                        },
                        "meta": {},
                        "tainted": false
                    },
                    "deposed": [],
                    "provider": "provider.aws"
                },
                "aws_security_group.elb-sg": {
                    "type": "aws_security_group",
                    "depends_on": [
                        "aws_vpc.vpc"
                    ],
                    "primary": {
                        "id": "sg-0f8c678a6c3f5ea56",
                        "attributes": {
                            "arn": "arn:aws:ec2:us-east-1:151010529061:security-group/sg-0f8c678a6c3f5ea56",
                            "description": "Managed by Terraform",
                            "egress.#": "1",
                            "egress.482069346.cidr_blocks.#": "1",
                            "egress.482069346.cidr_blocks.0": "0.0.0.0/0",
                            "egress.482069346.description": "",
                            "egress.482069346.from_port": "0",
                            "egress.482069346.ipv6_cidr_blocks.#": "0",
                            "egress.482069346.prefix_list_ids.#": "0",
                            "egress.482069346.protocol": "-1",
                            "egress.482069346.security_groups.#": "0",
                            "egress.482069346.self": "false",
                            "egress.482069346.to_port": "0",
                            "id": "sg-0f8c678a6c3f5ea56",
                            "ingress.#": "1",
                            "ingress.2214680975.cidr_blocks.#": "1",
                            "ingress.2214680975.cidr_blocks.0": "0.0.0.0/0",
                            "ingress.2214680975.description": "",
                            "ingress.2214680975.from_port": "80",
                            "ingress.2214680975.ipv6_cidr_blocks.#": "0",
                            "ingress.2214680975.protocol": "tcp",
                            "ingress.2214680975.security_groups.#": "0",
                            "ingress.2214680975.self": "false",
                            "ingress.2214680975.to_port": "80",
                            "name": "nginx_elb_sg",
                            "owner_id": "151010529061",
                            "revoke_rules_on_delete": "false",
                            "tags.%": "0",
                            "vpc_id": "vpc-057b568b08195928f"
                        },
                        "meta": {
                            "e2bfb730-ecaa-11e6-8f88-34363bc7c4c0": {
                                "create": 600000000000,
                                "delete": 600000000000
                            },
                            "schema_version": "1"
                        },
                        "tainted": false
                    },
                    "deposed": [],
                    "provider": "provider.aws"
                },
                "aws_security_group.nginx": {
                    "type": "aws_security_group",
                    "depends_on": [
                        "aws_vpc.vpc"
                    ],
                    "primary": {
                        "id": "sg-03fa55c363b37fc7d",
                        "attributes": {
                            "arn": "arn:aws:ec2:us-east-1:151010529061:security-group/sg-03fa55c363b37fc7d",
                            "description": "Managed by Terraform",
                            "egress.#": "1",
                            "egress.482069346.cidr_blocks.#": "1",
                            "egress.482069346.cidr_blocks.0": "0.0.0.0/0",
                            "egress.482069346.description": "",
                            "egress.482069346.from_port": "0",
                            "egress.482069346.ipv6_cidr_blocks.#": "0",
                            "egress.482069346.prefix_list_ids.#": "0",
                            "egress.482069346.protocol": "-1",
                            "egress.482069346.security_groups.#": "0",
                            "egress.482069346.self": "false",
                            "egress.482069346.to_port": "0",
                            "id": "sg-03fa55c363b37fc7d",
                            "ingress.#": "2",
                            "ingress.2214680975.cidr_blocks.#": "1",
                            "ingress.2214680975.cidr_blocks.0": "0.0.0.0/0",
                            "ingress.2214680975.description": "",
                            "ingress.2214680975.from_port": "80",
                            "ingress.2214680975.ipv6_cidr_blocks.#": "0",
                            "ingress.2214680975.protocol": "tcp",
                            "ingress.2214680975.security_groups.#": "0",
                            "ingress.2214680975.self": "false",
                            "ingress.2214680975.to_port": "80",
                            "ingress.2541437006.cidr_blocks.#": "1",
                            "ingress.2541437006.cidr_blocks.0": "0.0.0.0/0",
                            "ingress.2541437006.description": "",
                            "ingress.2541437006.from_port": "22",
                            "ingress.2541437006.ipv6_cidr_blocks.#": "0",
                            "ingress.2541437006.protocol": "tcp",
                            "ingress.2541437006.security_groups.#": "0",
                            "ingress.2541437006.self": "false",
                            "ingress.2541437006.to_port": "22",
                            "name": "tf-workshop",
                            "owner_id": "151010529061",
                            "revoke_rules_on_delete": "false",
                            "tags.%": "0",
                            "vpc_id": "vpc-057b568b08195928f"
                        },
                        "meta": {
                            "e2bfb730-ecaa-11e6-8f88-34363bc7c4c0": {
                                "create": 600000000000,
                                "delete": 600000000000
                            },
                            "schema_version": "1"
                        },
                        "tainted": false
                    },
                    "deposed": [],
                    "provider": "provider.aws"
                },
                "aws_subnet.blue": {
                    "type": "aws_subnet",
                    "depends_on": [
                        "aws_vpc.vpc",
                        "data.aws_availability_zones.available"
                    ],
                    "primary": {
                        "id": "subnet-082ab5e8daf4516f7",
                        "attributes": {
                            "assign_ipv6_address_on_creation": "false",
                            "availability_zone": "us-east-1a",
                            "cidr_block": "10.1.0.0/24",
                            "id": "subnet-082ab5e8daf4516f7",
                            "map_public_ip_on_launch": "true",
                            "tags.%": "0",
                            "vpc_id": "vpc-057b568b08195928f"
                        },
                        "meta": {
                            "schema_version": "1"
                        },
                        "tainted": false
                    },
                    "deposed": [],
                    "provider": "provider.aws"
                },
                "aws_subnet.green": {
                    "type": "aws_subnet",
                    "depends_on": [
                        "aws_vpc.vpc",
                        "data.aws_availability_zones.available"
                    ],
                    "primary": {
                        "id": "subnet-0d066df6c1c4c5f8c",
                        "attributes": {
                            "assign_ipv6_address_on_creation": "false",
                            "availability_zone": "us-east-1b",
                            "cidr_block": "10.1.1.0/24",
                            "id": "subnet-0d066df6c1c4c5f8c",
                            "map_public_ip_on_launch": "true",
                            "tags.%": "0",
                            "vpc_id": "vpc-057b568b08195928f"
                        },
                        "meta": {
                            "schema_version": "1"
                        },
                        "tainted": false
                    },
                    "deposed": [],
                    "provider": "provider.aws"
                },
                "aws_vpc.vpc": {
                    "type": "aws_vpc",
                    "depends_on": [],
                    "primary": {
                        "id": "vpc-057b568b08195928f",
                        "attributes": {
                            "assign_generated_ipv6_cidr_block": "false",
                            "cidr_block": "10.1.0.0/16",
                            "default_network_acl_id": "acl-003d31b8b049146c6",
                            "default_route_table_id": "rtb-031fdd1a2bf213f8f",
                            "default_security_group_id": "sg-07f4c9a66f0722073",
                            "dhcp_options_id": "dopt-feea4c85",
                            "enable_classiclink": "false",
                            "enable_classiclink_dns_support": "false",
                            "enable_dns_hostnames": "true",
                            "enable_dns_support": "true",
                            "id": "vpc-057b568b08195928f",
                            "instance_tenancy": "default",
                            "main_route_table_id": "rtb-031fdd1a2bf213f8f",
                            "tags.%": "0"
                        },
                        "meta": {
                            "schema_version": "1"
                        },
                        "tainted": false
                    },
                    "deposed": [],
                    "provider": "provider.aws"
                },
                "data.aws_availability_zones.available": {
                    "type": "aws_availability_zones",
                    "depends_on": [],
                    "primary": {
                        "id": "2018-06-27 11:34:36.565417 +0000 UTC",
                        "attributes": {
                            "id": "2018-06-27 11:34:36.565417 +0000 UTC",
                            "names.#": "6",
                            "names.0": "us-east-1a",
                            "names.1": "us-east-1b",
                            "names.2": "us-east-1c",
                            "names.3": "us-east-1d",
                            "names.4": "us-east-1e",
                            "names.5": "us-east-1f"
                        },
                        "meta": {},
                        "tainted": false
                    },
                    "deposed": [],
                    "provider": "provider.aws"
                }
            },
            "depends_on": []
        }
    ]
}
