{
    "version": 3,
    "terraform_version": "0.11.7",
    "serial": 3,
    "lineage": "14ea1566-3050-0892-12a7-29b60df28a0e",
    "modules": [
        {
            "path": [
                "root"
            ],
            "outputs": {
                "gce_public_adress": {
                    "sensitive": false,
                    "type": "string",
                    "value": "35.187.70.35"
                }
            },
            "resources": {
                "google_compute_firewall.default": {
                    "type": "google_compute_firewall",
                    "depends_on": [],
                    "primary": {
                        "id": "nginx",
                        "attributes": {
                            "allow.#": "1",
                            "allow.1250112605.ports.#": "2",
                            "allow.1250112605.ports.0": "80",
                            "allow.1250112605.ports.1": "443",
                            "allow.1250112605.protocol": "tcp",
                            "deny.#": "0",
                            "description": "",
                            "destination_ranges.#": "0",
                            "direction": "INGRESS",
                            "id": "nginx",
                            "name": "nginx",
                            "network": "https://www.googleapis.com/compute/v1/projects/turnkey-channel-203512/global/networks/default",
                            "priority": "1000",
                            "project": "turnkey-channel-203512",
                            "self_link": "https://www.googleapis.com/compute/v1/projects/turnkey-channel-203512/global/firewalls/nginx",
                            "source_ranges.#": "1",
                            "source_ranges.1080289494": "0.0.0.0/0",
                            "source_service_accounts.#": "0",
                            "source_tags.#": "0",
                            "target_service_accounts.#": "0",
                            "target_tags.#": "1",
                            "target_tags.2759310851": "nginx"
                        },
                        "meta": {
                            "schema_version": "1"
                        },
                        "tainted": false
                    },
                    "deposed": [],
                    "provider": "provider.google"
                },
                "google_compute_instance.nginx": {
                    "type": "google_compute_instance",
                    "depends_on": [],
                    "primary": {
                        "id": "nginx",
                        "attributes": {
                            "attached_disk.#": "0",
                            "boot_disk.#": "1",
                            "boot_disk.0.auto_delete": "true",
                            "boot_disk.0.device_name": "persistent-disk-0",
                            "boot_disk.0.disk_encryption_key_raw": "",
                            "boot_disk.0.disk_encryption_key_sha256": "",
                            "boot_disk.0.initialize_params.#": "1",
                            "boot_disk.0.initialize_params.0.image": "https://www.googleapis.com/compute/v1/projects/centos-cloud/global/images/centos-7-v20180507",
                            "boot_disk.0.initialize_params.0.size": "20",
                            "boot_disk.0.initialize_params.0.type": "pd-standard",
                            "boot_disk.0.source": "https://www.googleapis.com/compute/v1/projects/turnkey-channel-203512/zones/europe-west1-b/disks/nginx",
                            "can_ip_forward": "false",
                            "cpu_platform": "Intel Sandy Bridge",
                            "create_timeout": "4",
                            "deletion_protection": "false",
                            "guest_accelerator.#": "0",
                            "id": "nginx",
                            "instance_id": "4478058086147034839",
                            "label_fingerprint": "42WmSpB8rSM=",
                            "machine_type": "n1-standard-1",
                            "metadata.%": "1",
                            "metadata.ssh-keys": "novy:ssh-rsa AAAAB3NzaC1yc2EAAAADAQABAAABAQDDz5cB1KkHQ8JxEL6sKBh7ogTWBzTd04aeB6TKvVqQV1q3aqo/j3nIGySv4s5XSJHCXCn0gJJLe77i0jjVz2AWX4lomdRG2gfgd1xK4HgVRiKcNydZoe3fS67qjGQgHbOYpgV0PCjOQ1bZdFk+uUiYDCZtPOwZRKf3XsV+OWyRqBXRx9jjU2POyHVVgSYc8nI7JxjC3qWn1WKkN5z6vR9XV5mCf8Hu6wMWbQvUAn+/pfP+YkNutmFcKcdqPqJHDO4vEgsMuFSXuWDlgd80ovSPI7xp3f9888H7ErTNzKojubLJjuVb36t3vceMHif/0+rligBz3j8ALuXL3/FWhs2N novy@EN410428\n",
                            "metadata_fingerprint": "5XQ4ddgGTY4=",
                            "metadata_startup_script": "",
                            "min_cpu_platform": "",
                            "name": "nginx",
                            "network_interface.#": "1",
                            "network_interface.0.access_config.#": "1",
                            "network_interface.0.access_config.0.assigned_nat_ip": "35.187.70.35",
                            "network_interface.0.access_config.0.nat_ip": "35.187.70.35",
                            "network_interface.0.access_config.0.public_ptr_domain_name": "",
                            "network_interface.0.address": "10.132.0.2",
                            "network_interface.0.alias_ip_range.#": "0",
                            "network_interface.0.name": "nic0",
                            "network_interface.0.network": "https://www.googleapis.com/compute/v1/projects/turnkey-channel-203512/global/networks/default",
                            "network_interface.0.network_ip": "10.132.0.2",
                            "network_interface.0.subnetwork": "https://www.googleapis.com/compute/v1/projects/turnkey-channel-203512/regions/europe-west1/subnetworks/default",
                            "network_interface.0.subnetwork_project": "turnkey-channel-203512",
                            "project": "turnkey-channel-203512",
                            "scheduling.#": "1",
                            "scheduling.0.automatic_restart": "true",
                            "scheduling.0.on_host_maintenance": "MIGRATE",
                            "scheduling.0.preemptible": "false",
                            "scratch_disk.#": "0",
                            "self_link": "https://www.googleapis.com/compute/v1/projects/turnkey-channel-203512/zones/europe-west1-b/instances/nginx",
                            "service_account.#": "0",
                            "tags.#": "1",
                            "tags.2759310851": "nginx",
                            "tags_fingerprint": "ZEhOlPNyE1c=",
                            "zone": "europe-west1-b"
                        },
                        "meta": {
                            "e2bfb730-ecaa-11e6-8f88-34363bc7c4c0": {
                                "create": 360000000000,
                                "delete": 360000000000,
                                "update": 360000000000
                            },
                            "schema_version": "6"
                        },
                        "tainted": false
                    },
                    "deposed": [],
                    "provider": "provider.google"
                }
            },
            "depends_on": []
        }
    ]
}
